{
  "name": "family-assistant",
  "lockfileVersion": 3,
  "requires": true,
  "packages": {
    "": {
      "devDependencies": {
        "@types/luxon": "^3.7.5"
      }
    },
    "node_modules/@types/luxon": {
      "version": "3.7.5",
      "resolved": "https://registry.npmjs.org/@types/luxon/-/luxon-3.7.5.tgz",
      "integrity": "sha512-jJ41Q4z6ZVO260MNDdHfW7+7a5iMiX8Mr6ZJHcmgrvhZha6dz5704o/lF2kKl6URjH6ivEL97w9xS/MgpJEphg==",
      "dev": true,
      "license": "MIT"
    }
  }
}
